// !$*UTF8*$!
{
	archiveVersion = 1;
	classes = {
	};
	objectVersion = 48;
	objects = {

/* Begin PBXBuildFile section */
		CB0E5FB92017677500FA13C9 /* adobe launch icon in Resources */ = {isa = PBXBuildFile; fileRef = CB0E5FB82017677500FA13C9 /* adobe launch icon */; };
		CBF3202720174B040059B062 /* AppDelegate.swift in Sources */ = {isa = PBXBuildFile; fileRef = CBF3202620174B040059B062 /* AppDelegate.swift */; };
		CBF3202920174B040059B062 /* ViewController.swift in Sources */ = {isa = PBXBuildFile; fileRef = CBF3202820174B040059B062 /* ViewController.swift */; };
		CBF3202C20174B040059B062 /* Main.storyboard in Resources */ = {isa = PBXBuildFile; fileRef = CBF3202A20174B040059B062 /* Main.storyboard */; };
		CBF3202E20174B040059B062 /* Assets.xcassets in Resources */ = {isa = PBXBuildFile; fileRef = CBF3202D20174B040059B062 /* Assets.xcassets */; };
		CBF3203120174B040059B062 /* LaunchScreen.storyboard in Resources */ = {isa = PBXBuildFile; fileRef = CBF3202F20174B040059B062 /* LaunchScreen.storyboard */; };
		CBF3203920174E580059B062 /* CategoryCell.swift in Sources */ = {isa = PBXBuildFile; fileRef = CBF3203820174E580059B062 /* CategoryCell.swift */; };
/* End PBXBuildFile section */

/* Begin PBXFileReference section */
		CB0E5FB82017677500FA13C9 /* adobe launch icon */ = {isa = PBXFileReference; lastKnownFileType = folder; path = "adobe launch icon"; sourceTree = "<group>"; };
		CBF3202320174B040059B062 /* Insta42o.app */ = {isa = PBXFileReference; explicitFileType = wrapper.application; includeInIndex = 0; path = Insta42o.app; sourceTree = BUILT_PRODUCTS_DIR; };
		CBF3202620174B040059B062 /* AppDelegate.swift */ = {isa = PBXFileReference; lastKnownFileType = sourcecode.swift; path = AppDelegate.swift; sourceTree = "<group>"; };
		CBF3202820174B040059B062 /* ViewController.swift */ = {isa = PBXFileReference; lastKnownFileType = sourcecode.swift; path = ViewController.swift; sourceTree = "<group>"; };
		CBF3202B20174B040059B062 /* Base */ = {isa = PBXFileReference; lastKnownFileType = file.storyboard; name = Base; path = Base.lproj/Main.storyboard; sourceTree = "<group>"; };
		CBF3202D20174B040059B062 /* Assets.xcassets */ = {isa = PBXFileReference; lastKnownFileType = folder.assetcatalog; path = Assets.xcassets; sourceTree = "<group>"; };
		CBF3203020174B040059B062 /* Base */ = {isa = PBXFileReference; lastKnownFileType = file.storyboard; name = Base; path = Base.lproj/LaunchScreen.storyboard; sourceTree = "<group>"; };
		CBF3203220174B040059B062 /* Info.plist */ = {isa = PBXFileReference; lastKnownFileType = text.plist.xml; path = Info.plist; sourceTree = "<group>"; };
		CBF3203820174E580059B062 /* CategoryCell.swift */ = {isa = PBXFileReference; lastKnownFileType = sourcecode.swift; path = CategoryCell.swift; sourceTree = "<group>"; };
/* End PBXFileReference section */

/* Begin PBXFrameworksBuildPhase section */
		CBF3202020174B040059B062 /* Frameworks */ = {
			isa = PBXFrameworksBuildPhase;
			buildActionMask = 2147483647;
			files = (
			);
			runOnlyForDeploymentPostprocessing = 0;
		};
/* End PBXFrameworksBuildPhase section */

/* Begin PBXGroup section */
		CBF3201A20174B040059B062 = {
			isa = PBXGroup;
			children = (
				CBF3202520174B040059B062 /* Insta42o */,
				CBF3202420174B040059B062 /* Products */,
			);
			sourceTree = "<group>";
		};
		CBF3202420174B040059B062 /* Products */ = {
			isa = PBXGroup;
			children = (
				CBF3202320174B040059B062 /* Insta42o.app */,
			);
			name = Products;
			sourceTree = "<group>";
		};
		CBF3202520174B040059B062 /* Insta42o */ = {
			isa = PBXGroup;
			children = (
				CBF3202620174B040059B062 /* AppDelegate.swift */,
				CBF3202820174B040059B062 /* ViewController.swift */,
				CBF3202A20174B040059B062 /* Main.storyboard */,
				CB0E5FB82017677500FA13C9 /* adobe launch icon */,
				CBF3202D20174B040059B062 /* Assets.xcassets */,
				CBF3202F20174B040059B062 /* LaunchScreen.storyboard */,
				CBF3203220174B040059B062 /* Info.plist */,
				CBF3203820174E580059B062 /* CategoryCell.swift */,
			);
			path = Insta42o;
			sourceTree = "<group>";
		};
/* End PBXGroup section */

/* Begin PBXNativeTarget section */
		CBF3202220174B040059B062 /* Insta42o */ = {
			isa = PBXNativeTarget;
			buildConfigurationList = CBF3203520174B040059B062 /* Build configuration list for PBXNativeTarget "Insta42o" */;
			buildPhases = (
				CBF3201F20174B040059B062 /* Sources */,
				CBF3202020174B040059B062 /* Frameworks */,
				CBF3202120174B040059B062 /* Resources */,
			);
			buildRules = (
			);
			dependencies = (
			);
			name = Insta42o;
			productName = Insta42o;
			productReference = CBF3202320174B040059B062 /* Insta42o.app */;
			productType = "com.apple.product-type.application";
		};
/* End PBXNativeTarget section */

/* Begin PBXProject section */
		CBF3201B20174B040059B062 /* Project object */ = {
			isa = PBXProject;
			attributes = {
				LastSwiftUpdateCheck = 0920;
				LastUpgradeCheck = 0920;
				ORGANIZATIONNAME = "Chairman Price";
				TargetAttributes = {
					CBF3202220174B040059B062 = {
						CreatedOnToolsVersion = 9.2;
						ProvisioningStyle = Automatic;
					};
				};
			};
			buildConfigurationList = CBF3201E20174B040059B062 /* Build configuration list for PBXProject "Insta42o" */;
			compatibilityVersion = "Xcode 8.0";
			developmentRegion = en;
			hasScannedForEncodings = 0;
			knownRegions = (
				en,
				Base,
			);
			mainGroup = CBF3201A20174B040059B062;
			productRefGroup = CBF3202420174B040059B062 /* Products */;
			projectDirPath = "";
			projectRoot = "";
			targets = (
				CBF3202220174B040059B062 /* Insta42o */,
			);
		};
/* End PBXProject section */

/* Begin PBXResourcesBuildPhase section */
		CBF3202120174B040059B062 /* Resources */ = {
			isa = PBXResourcesBuildPhase;
			buildActionMask = 2147483647;
			files = (
				CB0E5FB92017677500FA13C9 /* adobe launch icon in Resources */,
				CBF3203120174B040059B062 /* LaunchScreen.storyboard in Resources */,
				CBF3202E20174B040059B062 /* Assets.xcassets in Resources */,
				CBF3202C20174B040059B062 /* Main.storyboard in Resources */,
			);
			runOnlyForDeploymentPostprocessing = 0;
		};
/* End PBXResourcesBuildPhase section */

/* Begin PBXSourcesBuildPhase section */
		CBF3201F20174B040059B062 /* Sources */ = {
			isa = PBXSourcesBuildPhase;
			buildActionMask = 2147483647;
			files = (
				CBF3202920174B040059B062 /* ViewController.swift in Sources */,
				CBF3202720174B040059B062 /* AppDelegate.swift in Sources */,
				CBF3203920174E580059B062 /* CategoryCell.swift in Sources */,
			);
			runOnlyForDeploymentPostprocessing = 0;
		};
/* End PBXSourcesBuildPhase section */

/* Begin PBXVariantGroup section */
		CBF3202A20174B040059B062 /* Main.storyboard */ = {
			isa = PBXVariantGroup;
			children = (
				CBF3202B20174B040059B062 /* Base */,
			);
			name = Main.storyboard;
			sourceTree = "<group>";
		};
		CBF3202F20174B040059B062 /* LaunchScreen.storyboard */ = {
			isa = PBXVariantGroup;
			children = (
				CBF3203020174B040059B062 /* Base */,
			);
			name = LaunchScreen.storyboard;
			sourceTree = "<group>";
		};
/* End PBXVariantGroup section */

/* Begin XCBuildConfiguration section */
		CBF3203320174B040059B062 /* Debug */ = {
			isa = XCBuildConfiguration;
			buildSettings = {
				ALWAYS_SEARCH_USER_PATHS = NO;
				CLANG_ANALYZER_NONNULL = YES;
				CLANG_ANALYZER_NUMBER_OBJECT_CONVERSION = YES_AGGRESSIVE;
				CLANG_CXX_LANGUAGE_STANDARD = "gnu++14";
				CLANG_CXX_LIBRARY = "libc++";
				CLANG_ENABLE_MODULES = YES;
				CLANG_ENABLE_OBJC_ARC = YES;
				CLANG_WARN_BLOCK_CAPTURE_AUTORELEASING = YES;
				CLANG_WARN_BOOL_CONVERSION = YES;
				CLANG_WARN_COMMA = YES;
				CLANG_WARN_CONSTANT_CONVERSION = YES;
				CLANG_WARN_DIRECT_OBJC_ISA_USAGE = YES_ERROR;
				CLANG_WARN_DOCUMENTATION_COMMENTS = YES;
				CLANG_WARN_EMPTY_BODY = YES;
				CLANG_WARN_ENUM_CONVERSION = YES;
				CLANG_WARN_INFINITE_RECURSION = YES;
				CLANG_WARN_INT_CONVERSION = YES;
				CLANG_WARN_NON_LITERAL_NULL_CONVERSION = YES;
				CLANG_WARN_OBJC_LITERAL_CONVERSION = YES;
				CLANG_WARN_OBJC_ROOT_CLASS = YES_ERROR;
				CLANG_WARN_RANGE_LOOP_ANALYSIS = YES;
				CLANG_WARN_STRICT_PROTOTYPES = YES;
				CLANG_WARN_SUSPICIOUS_MOVE = YES;
				CLANG_WARN_UNGUARDED_AVAILABILITY = YES_AGGRESSIVE;
				CLANG_WARN_UNREACHABLE_CODE = YES;
				CLANG_WARN__DUPLICATE_METHOD_MATCH = YES;
				CODE_SIGN_IDENTITY = "iPhone Developer";
				COPY_PHASE_STRIP = NO;
				DEBUG_INFORMATION_FORMAT = dwarf;
				ENABLE_STRICT_OBJC_MSGSEND = YES;
				ENABLE_TESTABILITY = YES;
				GCC_C_LANGUAGE_STANDARD = gnu11;
				GCC_DYNAMIC_NO_PIC = NO;
				GCC_NO_COMMON_BLOCKS = YES;
				GCC_OPTIMIZATION_LEVEL = 0;
				GCC_PREPROCESSOR_DEFINITIONS = (
					"DEBUG=1",
					"$(inherited)",
				);
				GCC_WARN_64_TO_32_BIT_CONVERSION = YES;
				GCC_WARN_ABOUT_RETURN_TYPE = YES_ERROR;
				GCC_WARN_UNDECLARED_SELECTOR = YES;
				GCC_WARN_UNINITIALIZED_AUTOS = YES_AGGRESSIVE;
				GCC_WARN_UNUSED_FUNCTION = YES;
				GCC_WARN_UNUSED_VARIABLE = YES;
				IPHONEOS_DEPLOYMENT_TARGET = 11.2;
				MTL_ENABLE_DEBUG_INFO = YES;
				ONLY_ACTIVE_ARCH = YES;
				SDKROOT = iphoneos;
				SWIFT_ACTIVE_COMPILATION_CONDITIONS = DEBUG;
				SWIFT_OPTIMIZATION_LEVEL = "-Onone";
			};
			name = Debug;
		};
		CBF3203420174B040059B062 /* Release */ = {
			isa = XCBuildConfiguration;
			buildSettings = {
				ALWAYS_SEARCH_USER_PATHS = NO;
				CLANG_ANALYZER_NONNULL = YES;
				CLANG_ANALYZER_NUMBER_OBJECT_CONVERSION = YES_AGGRESSIVE;
				CLANG_CXX_LANGUAGE_STANDARD = "gnu++14";
				CLANG_CXX_LIBRARY = "libc++";
				CLANG_ENABLE_MODULES = YES;
				CLANG_ENABLE_OBJC_ARC = YES;
				CLANG_WARN_BLOCK_CAPTURE_AUTORELEASING = YES;
				CLANG_WARN_BOOL_CONVERSION = YES;
				CLANG_WARN_COMMA = YES;
				CLANG_WARN_CONSTANT_CONVERSION = YES;
				CLANG_WARN_DIRECT_OBJC_ISA_USAGE = YES_ERROR;
				CLANG_WARN_DOCUMENTATION_COMMENTS = YES;
				CLANG_WARN_EMPTY_BODY = YES;
				CLANG_WARN_ENUM_CONVERSION = YES;
				CLANG_WARN_INFINITE_RECURSION = YES;
				CLANG_WARN_INT_CONVERSION = YES;
				CLANG_WARN_NON_LITERAL_NULL_CONVERSION = YES;
				CLANG_WARN_OBJC_LITERAL_CONVERSION = YES;
				CLANG_WARN_OBJC_ROOT_CLASS = YES_ERROR;
				CLANG_WARN_RANGE_LOOP_ANALYSIS = YES;
				CLANG_WARN_STRICT_PROTOTYPES = YES;
				CLANG_WARN_SUSPICIOUS_MOVE = YES;
				CLANG_WARN_UNGUARDED_AVAILABILITY = YES_AGGRESSIVE;
				CLANG_WARN_UNREACHABLE_CODE = YES;
				CLANG_WARN__DUPLICATE_METHOD_MATCH = YES;
				CODE_SIGN_IDENTITY = "iPhone Developer";
				COPY_PHASE_STRIP = NO;
				DEBUG_INFORMATION_FORMAT = "dwarf-with-dsym";
				ENABLE_NS_ASSERTIONS = NO;
				ENABLE_STRICT_OBJC_MSGSEND = YES;
				GCC_C_LANGUAGE_STANDARD = gnu11;
				GCC_NO_COMMON_BLOCKS = YES;
				GCC_WARN_64_TO_32_BIT_CONVERSION = YES;
				GCC_WARN_ABOUT_RETURN_TYPE = YES_ERROR;
				GCC_WARN_UNDECLARED_SELECTOR = YES;
				GCC_WARN_UNINITIALIZED_AUTOS = YES_AGGRESSIVE;
				GCC_WARN_UNUSED_FUNCTION = YES;
				GCC_WARN_UNUSED_VARIABLE = YES;
				IPHONEOS_DEPLOYMENT_TARGET = 11.2;
				MTL_ENABLE_DEBUG_INFO = NO;
				SDKROOT = iphoneos;
				SWIFT_OPTIMIZATION_LEVEL = "-Owholemodule";
				VALIDATE_PRODUCT = YES;
			};
			name = Release;
		};
		CBF3203620174B040059B062 /* Debug */ = {
			isa = XCBuildConfiguration;
			buildSettings = {
				CODE_SIGN_STYLE = Automatic;
				DEVELOPMENT_TEAM = B7CEED7HVQ;
				INFOPLIST_FILE = Insta42o/Info.plist;
				IPHONEOS_DEPLOYMENT_TARGET = 11.2;
				LD_RUNPATH_SEARCH_PATHS = "$(inherited) @executable_path/Frameworks";
				PRODUCT_BUNDLE_IDENTIFIER = "New-World-Enterprices-llc.Insta42o";
				PRODUCT_NAME = "$(TARGET_NAME)";
				SWIFT_VERSION = 4.0;
				TARGETED_DEVICE_FAMILY = "1,2";
			};
			name = Debug;
		};
		CBF3203720174B040059B062 /* Release */ = {
			isa = XCBuildConfiguration;
			buildSettings = {
				CODE_SIGN_STYLE = Automatic;
				DEVELOPMENT_TEAM = B7CEED7HVQ;
				INFOPLIST_FILE = Insta42o/Info.plist;
				IPHONEOS_DEPLOYMENT_TARGET = 11.2;
				LD_RUNPATH_SEARCH_PATHS = "$(inherited) @executable_path/Frameworks";
				PRODUCT_BUNDLE_IDENTIFIER = "New-World-Enterprices-llc.Insta42o";
				PRODUCT_NAME = "$(TARGET_NAME)";
				SWIFT_VERSION = 4.0;
				TARGETED_DEVICE_FAMILY = "1,2";
			};
			name = Release;
		};
/* End XCBuildConfiguration section */

/* Begin XCConfigurationList section */
		CBF3201E20174B040059B062 /* Build configuration list for PBXProject "Insta42o" */ = {
			isa = XCConfigurationList;
			buildConfigurations = (
				CBF3203320174B040059B062 /* Debug */,
				CBF3203420174B040059B062 /* Release */,
			);
			defaultConfigurationIsVisible = 0;
			defaultConfigurationName = Release;
		};
		CBF3203520174B040059B062 /* Build configuration list for PBXNativeTarget "Insta42o" */ = {
			isa = XCConfigurationList;
			buildConfigurations = (
				CBF3203620174B040059B062 /* Debug */,
				CBF3203720174B040059B062 /* Release */,
			);
			defaultConfigurationIsVisible = 0;
			defaultConfigurationName = Release;
		};
/* End XCConfigurationList section */
	};
	rootObject = CBF3201B20174B040059B062 /* Project object */;
}
